
Microsoft Visual Studio Solution File, Format Version 12.00
# Visual Studio Version 17
VisualStudioVersion = 17.5.33516.290
MinimumVisualStudioVersion = 10.0.40219.1
Project("{FAE04EC0-301F-11D3-BF4B-00C04F79EFBC}") = "HospitalUI", "HospitalUI\HospitalUI.csproj", "{05C54224-C516-4767-B84E-F54500EFF0A9}"
EndProject
Project("{FAE04EC0-301F-11D3-BF4B-00C04F79EFBC}") = "Application", "Application\Application.csproj", "{463A10FA-A027-4591-BDE8-ED699B8C303E}"
EndProject
Project("{FAE04EC0-301F-11D3-BF4B-00C04F79EFBC}") = "Domain", "Domain\Domain.csproj", "{8F512BE6-FC1A-43ED-994B-882D11DCBEDA}"
EndProject
Project("{FAE04EC0-301F-11D3-BF4B-00C04F79EFBC}") = "Infrastructure", "Infrastructure\Infrastructure.csproj", "{004E7DB7-6B55-4034-BF73-2105115A581F}"
EndProject
Global
	GlobalSection(SolutionConfigurationPlatforms) = preSolution
		Debug|Any CPU = Debug|Any CPU
		Release|Any CPU = Release|Any CPU
	EndGlobalSection
	GlobalSection(ProjectConfigurationPlatforms) = postSolution
		{05C54224-C516-4767-B84E-F54500EFF0A9}.Debug|Any CPU.ActiveCfg = Debug|Any CPU
		{05C54224-C516-4767-B84E-F54500EFF0A9}.Debug|Any CPU.Build.0 = Debug|Any CPU
		{05C54224-C516-4767-B84E-F54500EFF0A9}.Release|Any CPU.ActiveCfg = Release|Any CPU
		{05C54224-C516-4767-B84E-F54500EFF0A9}.Release|Any CPU.Build.0 = Release|Any CPU
		{463A10FA-A027-4591-BDE8-ED699B8C303E}.Debug|Any CPU.ActiveCfg = Debug|Any CPU
		{463A10FA-A027-4591-BDE8-ED699B8C303E}.Debug|Any CPU.Build.0 = Debug|Any CPU
		{463A10FA-A027-4591-BDE8-ED699B8C303E}.Release|Any CPU.ActiveCfg = Release|Any CPU
		{463A10FA-A027-4591-BDE8-ED699B8C303E}.Release|Any CPU.Build.0 = Release|Any CPU
		{8F512BE6-FC1A-43ED-994B-882D11DCBEDA}.Debug|Any CPU.ActiveCfg = Debug|Any CPU
		{8F512BE6-FC1A-43ED-994B-882D11DCBEDA}.Debug|Any CPU.Build.0 = Debug|Any CPU
		{8F512BE6-FC1A-43ED-994B-882D11DCBEDA}.Release|Any CPU.ActiveCfg = Release|Any CPU
		{8F512BE6-FC1A-43ED-994B-882D11DCBEDA}.Release|Any CPU.Build.0 = Release|Any CPU
		{004E7DB7-6B55-4034-BF73-2105115A581F}.Debug|Any CPU.ActiveCfg = Debug|Any CPU
		{004E7DB7-6B55-4034-BF73-2105115A581F}.Debug|Any CPU.Build.0 = Debug|Any CPU
		{004E7DB7-6B55-4034-BF73-2105115A581F}.Release|Any CPU.ActiveCfg = Release|Any CPU
		{004E7DB7-6B55-4034-BF73-2105115A581F}.Release|Any CPU.Build.0 = Release|Any CPU
	EndGlobalSection
	GlobalSection(SolutionProperties) = preSolution
		HideSolutionNode = FALSE
	EndGlobalSection
	GlobalSection(ExtensibilityGlobals) = postSolution
		SolutionGuid = {BC90FA4B-81C8-4871-8117-F21B1042A8A5}
	EndGlobalSection
EndGlobal
